
Microsoft Visual Studio Solution File, Format Version 12.00
# Visual Studio Version 17
VisualStudioVersion = 17.14.36408.4 d17.14
MinimumVisualStudioVersion = 10.0.40219.1
Project("{FAE04EC0-301F-11D3-BF4B-00C04F79EFBC}") = "ProjectIgnite", "ProjectIgnite\ProjectIgnite.csproj", "{331DB985-A09A-42A7-B31B-4CF6D6F02F90}"
EndProject
Global
	GlobalSection(SolutionConfigurationPlatforms) = preSolution
		Debug|Any CPU = Debug|Any CPU
		Release|Any CPU = Release|Any CPU
	EndGlobalSection
	GlobalSection(ProjectConfigurationPlatforms) = postSolution
		{331DB985-A09A-42A7-B31B-4CF6D6F02F90}.Debug|Any CPU.ActiveCfg = Debug|Any CPU
		{331DB985-A09A-42A7-B31B-4CF6D6F02F90}.Debug|Any CPU.Build.0 = Debug|Any CPU
		{331DB985-A09A-42A7-B31B-4CF6D6F02F90}.Release|Any CPU.ActiveCfg = Release|Any CPU
		{331DB985-A09A-42A7-B31B-4CF6D6F02F90}.Release|Any CPU.Build.0 = Release|Any CPU
	EndGlobalSection
	GlobalSection(SolutionProperties) = preSolution
		HideSolutionNode = FALSE
	EndGlobalSection
	GlobalSection(ExtensibilityGlobals) = postSolution
		SolutionGuid = {5FA193FE-A86D-4828-AED9-B0C323A09126}
	EndGlobalSection
EndGlobal
